// !$*UTF8*$!
{
	archiveVersion = 1;
	classes = {
	};
	objectVersion = 50;
	objects = {

/* Begin PBXBuildFile section */
		1344531D7417D04F1AC7A3C6 /* Pods_Todoey.framework in Frameworks */ = {isa = PBXBuildFile; fileRef = C03F58CB7483C4C2352313AD /* Pods_Todoey.framework */; };
		424DEF1F21D01095007306DA /* CategoryViewController.swift in Sources */ = {isa = PBXBuildFile; fileRef = 424DEF1E21D01095007306DA /* CategoryViewController.swift */; };
		427DE50721D0E3980038CE7E /* Item.swift in Sources */ = {isa = PBXBuildFile; fileRef = 427DE50621D0E3980038CE7E /* Item.swift */; };
		427DE50921D0E3A20038CE7E /* Category.swift in Sources */ = {isa = PBXBuildFile; fileRef = 427DE50821D0E3A20038CE7E /* Category.swift */; };
		428E3E7621CD4C5B0047F785 /* AppDelegate.swift in Sources */ = {isa = PBXBuildFile; fileRef = 428E3E7521CD4C5B0047F785 /* AppDelegate.swift */; };
		428E3E7821CD4C5B0047F785 /* ToDoListViewController.swift in Sources */ = {isa = PBXBuildFile; fileRef = 428E3E7721CD4C5B0047F785 /* ToDoListViewController.swift */; };
		428E3E7B21CD4C5B0047F785 /* Main.storyboard in Resources */ = {isa = PBXBuildFile; fileRef = 428E3E7921CD4C5B0047F785 /* Main.storyboard */; };
		428E3E7D21CD4C5C0047F785 /* Assets.xcassets in Resources */ = {isa = PBXBuildFile; fileRef = 428E3E7C21CD4C5C0047F785 /* Assets.xcassets */; };
		428E3E8021CD4C5C0047F785 /* LaunchScreen.storyboard in Resources */ = {isa = PBXBuildFile; fileRef = 428E3E7E21CD4C5C0047F785 /* LaunchScreen.storyboard */; };
/* End PBXBuildFile section */

/* Begin PBXFileReference section */
		221B4DCD8E15D6B7A9DDA209 /* Pods-Todoey.debug.xcconfig */ = {isa = PBXFileReference; includeInIndex = 1; lastKnownFileType = text.xcconfig; name = "Pods-Todoey.debug.xcconfig"; path = "Pods/Target Support Files/Pods-Todoey/Pods-Todoey.debug.xcconfig"; sourceTree = "<group>"; };
		424DEF1E21D01095007306DA /* CategoryViewController.swift */ = {isa = PBXFileReference; lastKnownFileType = sourcecode.swift; path = CategoryViewController.swift; sourceTree = "<group>"; };
		427DE50621D0E3980038CE7E /* Item.swift */ = {isa = PBXFileReference; lastKnownFileType = sourcecode.swift; path = Item.swift; sourceTree = "<group>"; };
		427DE50821D0E3A20038CE7E /* Category.swift */ = {isa = PBXFileReference; lastKnownFileType = sourcecode.swift; path = Category.swift; sourceTree = "<group>"; };
		428E3E7221CD4C5B0047F785 /* Todoey.app */ = {isa = PBXFileReference; explicitFileType = wrapper.application; includeInIndex = 0; path = Todoey.app; sourceTree = BUILT_PRODUCTS_DIR; };
		428E3E7521CD4C5B0047F785 /* AppDelegate.swift */ = {isa = PBXFileReference; lastKnownFileType = sourcecode.swift; path = AppDelegate.swift; sourceTree = "<group>"; };
		428E3E7721CD4C5B0047F785 /* ToDoListViewController.swift */ = {isa = PBXFileReference; lastKnownFileType = sourcecode.swift; path = ToDoListViewController.swift; sourceTree = "<group>"; };
		428E3E7A21CD4C5B0047F785 /* Base */ = {isa = PBXFileReference; lastKnownFileType = file.storyboard; name = Base; path = Base.lproj/Main.storyboard; sourceTree = "<group>"; };
		428E3E7C21CD4C5C0047F785 /* Assets.xcassets */ = {isa = PBXFileReference; lastKnownFileType = folder.assetcatalog; path = Assets.xcassets; sourceTree = "<group>"; };
		428E3E7F21CD4C5C0047F785 /* Base */ = {isa = PBXFileReference; lastKnownFileType = file.storyboard; name = Base; path = Base.lproj/LaunchScreen.storyboard; sourceTree = "<group>"; };
		428E3E8121CD4C5C0047F785 /* Info.plist */ = {isa = PBXFileReference; lastKnownFileType = text.plist.xml; path = Info.plist; sourceTree = "<group>"; };
		C03F58CB7483C4C2352313AD /* Pods_Todoey.framework */ = {isa = PBXFileReference; explicitFileType = wrapper.framework; includeInIndex = 0; path = Pods_Todoey.framework; sourceTree = BUILT_PRODUCTS_DIR; };
		FBDFEDE741124C37DCD37DFB /* Pods-Todoey.release.xcconfig */ = {isa = PBXFileReference; includeInIndex = 1; lastKnownFileType = text.xcconfig; name = "Pods-Todoey.release.xcconfig"; path = "Pods/Target Support Files/Pods-Todoey/Pods-Todoey.release.xcconfig"; sourceTree = "<group>"; };
/* End PBXFileReference section */

/* Begin PBXFrameworksBuildPhase section */
		428E3E6F21CD4C5B0047F785 /* Frameworks */ = {
			isa = PBXFrameworksBuildPhase;
			buildActionMask = 2147483647;
			files = (
				1344531D7417D04F1AC7A3C6 /* Pods_Todoey.framework in Frameworks */,
			);
			runOnlyForDeploymentPostprocessing = 0;
		};
/* End PBXFrameworksBuildPhase section */

/* Begin PBXGroup section */
		423F892421CE5D5A0090E5C7 /* Data Model */ = {
			isa = PBXGroup;
			children = (
				427DE50821D0E3A20038CE7E /* Category.swift */,
				427DE50621D0E3980038CE7E /* Item.swift */,
			);
			path = "Data Model";
			sourceTree = "<group>";
		};
		423F892521CE5D690090E5C7 /* Controllers */ = {
			isa = PBXGroup;
			children = (
				424DEF1E21D01095007306DA /* CategoryViewController.swift */,
				428E3E7721CD4C5B0047F785 /* ToDoListViewController.swift */,
			);
			path = Controllers;
			sourceTree = "<group>";
		};
		423F892621CE5D720090E5C7 /* Views */ = {
			isa = PBXGroup;
			children = (
				428E3E7921CD4C5B0047F785 /* Main.storyboard */,
			);
			path = Views;
			sourceTree = "<group>";
		};
		423F892721CE5D980090E5C7 /* Supporting FIles */ = {
			isa = PBXGroup;
			children = (
				428E3E7C21CD4C5C0047F785 /* Assets.xcassets */,
				428E3E7E21CD4C5C0047F785 /* LaunchScreen.storyboard */,
			);
			path = "Supporting FIles";
			sourceTree = "<group>";
		};
		428E3E6921CD4C5B0047F785 = {
			isa = PBXGroup;
			children = (
				428E3E7421CD4C5B0047F785 /* Todoey */,
				428E3E7321CD4C5B0047F785 /* Products */,
				6F68EAAAA4852D690B838037 /* Pods */,
				E75CAE85C33BF455500D5A19 /* Frameworks */,
			);
			sourceTree = "<group>";
		};
		428E3E7321CD4C5B0047F785 /* Products */ = {
			isa = PBXGroup;
			children = (
				428E3E7221CD4C5B0047F785 /* Todoey.app */,
			);
			name = Products;
			sourceTree = "<group>";
		};
		428E3E7421CD4C5B0047F785 /* Todoey */ = {
			isa = PBXGroup;
			children = (
				428E3E7521CD4C5B0047F785 /* AppDelegate.swift */,
				423F892521CE5D690090E5C7 /* Controllers */,
				423F892621CE5D720090E5C7 /* Views */,
				423F892721CE5D980090E5C7 /* Supporting FIles */,
				428E3E8121CD4C5C0047F785 /* Info.plist */,
				423F892421CE5D5A0090E5C7 /* Data Model */,
			);
			path = Todoey;
			sourceTree = "<group>";
		};
		6F68EAAAA4852D690B838037 /* Pods */ = {
			isa = PBXGroup;
			children = (
				221B4DCD8E15D6B7A9DDA209 /* Pods-Todoey.debug.xcconfig */,
				FBDFEDE741124C37DCD37DFB /* Pods-Todoey.release.xcconfig */,
			);
			name = Pods;
			sourceTree = "<group>";
		};
		E75CAE85C33BF455500D5A19 /* Frameworks */ = {
			isa = PBXGroup;
			children = (
				C03F58CB7483C4C2352313AD /* Pods_Todoey.framework */,
			);
			name = Frameworks;
			sourceTree = "<group>";
		};
/* End PBXGroup section */

/* Begin PBXNativeTarget section */
		428E3E7121CD4C5B0047F785 /* Todoey */ = {
			isa = PBXNativeTarget;
			buildConfigurationList = 428E3E8421CD4C5C0047F785 /* Build configuration list for PBXNativeTarget "Todoey" */;
			buildPhases = (
				7BEE3674C8B2460BCD964F3D /* [CP] Check Pods Manifest.lock */,
				428E3E6E21CD4C5B0047F785 /* Sources */,
				428E3E6F21CD4C5B0047F785 /* Frameworks */,
				428E3E7021CD4C5B0047F785 /* Resources */,
				344471351C4368505C1D50FD /* [CP] Embed Pods Frameworks */,
			);
			buildRules = (
			);
			dependencies = (
			);
			name = Todoey;
			productName = Todoey;
			productReference = 428E3E7221CD4C5B0047F785 /* Todoey.app */;
			productType = "com.apple.product-type.application";
		};
/* End PBXNativeTarget section */

/* Begin PBXProject section */
		428E3E6A21CD4C5B0047F785 /* Project object */ = {
			isa = PBXProject;
			attributes = {
				LastSwiftUpdateCheck = 1010;
				LastUpgradeCheck = 1010;
				ORGANIZATIONNAME = "Andrei Enache";
				TargetAttributes = {
					428E3E7121CD4C5B0047F785 = {
						CreatedOnToolsVersion = 10.1;
					};
				};
			};
			buildConfigurationList = 428E3E6D21CD4C5B0047F785 /* Build configuration list for PBXProject "Todoey" */;
			compatibilityVersion = "Xcode 9.3";
			developmentRegion = en;
			hasScannedForEncodings = 0;
			knownRegions = (
				en,
				Base,
			);
			mainGroup = 428E3E6921CD4C5B0047F785;
			productRefGroup = 428E3E7321CD4C5B0047F785 /* Products */;
			projectDirPath = "";
			projectRoot = "";
			targets = (
				428E3E7121CD4C5B0047F785 /* Todoey */,
			);
		};
/* End PBXProject section */

/* Begin PBXResourcesBuildPhase section */
		428E3E7021CD4C5B0047F785 /* Resources */ = {
			isa = PBXResourcesBuildPhase;
			buildActionMask = 2147483647;
			files = (
				428E3E8021CD4C5C0047F785 /* LaunchScreen.storyboard in Resources */,
				428E3E7D21CD4C5C0047F785 /* Assets.xcassets in Resources */,
				428E3E7B21CD4C5B0047F785 /* Main.storyboard in Resources */,
			);
			runOnlyForDeploymentPostprocessing = 0;
		};
/* End PBXResourcesBuildPhase section */

/* Begin PBXShellScriptBuildPhase section */
		344471351C4368505C1D50FD /* [CP] Embed Pods Frameworks */ = {
			isa = PBXShellScriptBuildPhase;
			buildActionMask = 2147483647;
			files = (
			);
			inputFileListPaths = (
			);
			inputPaths = (
				"${SRCROOT}/Pods/Target Support Files/Pods-Todoey/Pods-Todoey-frameworks.sh",
				"${BUILT_PRODUCTS_DIR}/Realm/Realm.framework",
				"${BUILT_PRODUCTS_DIR}/RealmSwift/RealmSwift.framework",
			);
			name = "[CP] Embed Pods Frameworks";
			outputFileListPaths = (
			);
			outputPaths = (
				"${TARGET_BUILD_DIR}/${FRAMEWORKS_FOLDER_PATH}/Realm.framework",
				"${TARGET_BUILD_DIR}/${FRAMEWORKS_FOLDER_PATH}/RealmSwift.framework",
			);
			runOnlyForDeploymentPostprocessing = 0;
			shellPath = /bin/sh;
			shellScript = "\"${SRCROOT}/Pods/Target Support Files/Pods-Todoey/Pods-Todoey-frameworks.sh\"\n";
			showEnvVarsInLog = 0;
		};
		7BEE3674C8B2460BCD964F3D /* [CP] Check Pods Manifest.lock */ = {
			isa = PBXShellScriptBuildPhase;
			buildActionMask = 2147483647;
			files = (
			);
			inputFileListPaths = (
			);
			inputPaths = (
				"${PODS_PODFILE_DIR_PATH}/Podfile.lock",
				"${PODS_ROOT}/Manifest.lock",
			);
			name = "[CP] Check Pods Manifest.lock";
			outputFileListPaths = (
			);
			outputPaths = (
				"$(DERIVED_FILE_DIR)/Pods-Todoey-checkManifestLockResult.txt",
			);
			runOnlyForDeploymentPostprocessing = 0;
			shellPath = /bin/sh;
			shellScript = "diff \"${PODS_PODFILE_DIR_PATH}/Podfile.lock\" \"${PODS_ROOT}/Manifest.lock\" > /dev/null\nif [ $? != 0 ] ; then\n    # print error to STDERR\n    echo \"error: The sandbox is not in sync with the Podfile.lock. Run 'pod install' or update your CocoaPods installation.\" >&2\n    exit 1\nfi\n# This output is used by Xcode 'outputs' to avoid re-running this script phase.\necho \"SUCCESS\" > \"${SCRIPT_OUTPUT_FILE_0}\"\n";
			showEnvVarsInLog = 0;
		};
/* End PBXShellScriptBuildPhase section */

/* Begin PBXSourcesBuildPhase section */
		428E3E6E21CD4C5B0047F785 /* Sources */ = {
			isa = PBXSourcesBuildPhase;
			buildActionMask = 2147483647;
			files = (
				427DE50721D0E3980038CE7E /* Item.swift in Sources */,
				424DEF1F21D01095007306DA /* CategoryViewController.swift in Sources */,
				428E3E7821CD4C5B0047F785 /* ToDoListViewController.swift in Sources */,
				428E3E7621CD4C5B0047F785 /* AppDelegate.swift in Sources */,
				427DE50921D0E3A20038CE7E /* Category.swift in Sources */,
			);
			runOnlyForDeploymentPostprocessing = 0;
		};
/* End PBXSourcesBuildPhase section */

/* Begin PBXVariantGroup section */
		428E3E7921CD4C5B0047F785 /* Main.storyboard */ = {
			isa = PBXVariantGroup;
			children = (
				428E3E7A21CD4C5B0047F785 /* Base */,
			);
			name = Main.storyboard;
			sourceTree = "<group>";
		};
		428E3E7E21CD4C5C0047F785 /* LaunchScreen.storyboard */ = {
			isa = PBXVariantGroup;
			children = (
				428E3E7F21CD4C5C0047F785 /* Base */,
			);
			name = LaunchScreen.storyboard;
			sourceTree = "<group>";
		};
/* End PBXVariantGroup section */

/* Begin XCBuildConfiguration section */
		428E3E8221CD4C5C0047F785 /* Debug */ = {
			isa = XCBuildConfiguration;
			buildSettings = {
				ALWAYS_SEARCH_USER_PATHS = NO;
				CLANG_ANALYZER_NONNULL = YES;
				CLANG_ANALYZER_NUMBER_OBJECT_CONVERSION = YES_AGGRESSIVE;
				CLANG_CXX_LANGUAGE_STANDARD = "gnu++14";
				CLANG_CXX_LIBRARY = "libc++";
				CLANG_ENABLE_MODULES = YES;
				CLANG_ENABLE_OBJC_ARC = YES;
				CLANG_ENABLE_OBJC_WEAK = YES;
				CLANG_WARN_BLOCK_CAPTURE_AUTORELEASING = YES;
				CLANG_WARN_BOOL_CONVERSION = YES;
				CLANG_WARN_COMMA = YES;
				CLANG_WARN_CONSTANT_CONVERSION = YES;
				CLANG_WARN_DEPRECATED_OBJC_IMPLEMENTATIONS = YES;
				CLANG_WARN_DIRECT_OBJC_ISA_USAGE = YES_ERROR;
				CLANG_WARN_DOCUMENTATION_COMMENTS = YES;
				CLANG_WARN_EMPTY_BODY = YES;
				CLANG_WARN_ENUM_CONVERSION = YES;
				CLANG_WARN_INFINITE_RECURSION = YES;
				CLANG_WARN_INT_CONVERSION = YES;
				CLANG_WARN_NON_LITERAL_NULL_CONVERSION = YES;
				CLANG_WARN_OBJC_IMPLICIT_RETAIN_SELF = YES;
				CLANG_WARN_OBJC_LITERAL_CONVERSION = YES;
				CLANG_WARN_OBJC_ROOT_CLASS = YES_ERROR;
				CLANG_WARN_RANGE_LOOP_ANALYSIS = YES;
				CLANG_WARN_STRICT_PROTOTYPES = YES;
				CLANG_WARN_SUSPICIOUS_MOVE = YES;
				CLANG_WARN_UNGUARDED_AVAILABILITY = YES_AGGRESSIVE;
				CLANG_WARN_UNREACHABLE_CODE = YES;
				CLANG_WARN__DUPLICATE_METHOD_MATCH = YES;
				CODE_SIGN_IDENTITY = "iPhone Developer";
				COPY_PHASE_STRIP = NO;
				DEBUG_INFORMATION_FORMAT = dwarf;
				ENABLE_STRICT_OBJC_MSGSEND = YES;
				ENABLE_TESTABILITY = YES;
				GCC_C_LANGUAGE_STANDARD = gnu11;
				GCC_DYNAMIC_NO_PIC = NO;
				GCC_NO_COMMON_BLOCKS = YES;
				GCC_OPTIMIZATION_LEVEL = 0;
				GCC_PREPROCESSOR_DEFINITIONS = (
					"DEBUG=1",
					"$(inherited)",
				);
				GCC_WARN_64_TO_32_BIT_CONVERSION = YES;
				GCC_WARN_ABOUT_RETURN_TYPE = YES_ERROR;
				GCC_WARN_UNDECLARED_SELECTOR = YES;
				GCC_WARN_UNINITIALIZED_AUTOS = YES_AGGRESSIVE;
				GCC_WARN_UNUSED_FUNCTION = YES;
				GCC_WARN_UNUSED_VARIABLE = YES;
				IPHONEOS_DEPLOYMENT_TARGET = 12.1;
				MTL_ENABLE_DEBUG_INFO = INCLUDE_SOURCE;
				MTL_FAST_MATH = YES;
				ONLY_ACTIVE_ARCH = YES;
				SDKROOT = iphoneos;
				SWIFT_ACTIVE_COMPILATION_CONDITIONS = DEBUG;
				SWIFT_OPTIMIZATION_LEVEL = "-Onone";
			};
			name = Debug;
		};
		428E3E8321CD4C5C0047F785 /* Release */ = {
			isa = XCBuildConfiguration;
			buildSettings = {
				ALWAYS_SEARCH_USER_PATHS = NO;
				CLANG_ANALYZER_NONNULL = YES;
				CLANG_ANALYZER_NUMBER_OBJECT_CONVERSION = YES_AGGRESSIVE;
				CLANG_CXX_LANGUAGE_STANDARD = "gnu++14";
				CLANG_CXX_LIBRARY = "libc++";
				CLANG_ENABLE_MODULES = YES;
				CLANG_ENABLE_OBJC_ARC = YES;
				CLANG_ENABLE_OBJC_WEAK = YES;
				CLANG_WARN_BLOCK_CAPTURE_AUTORELEASING = YES;
				CLANG_WARN_BOOL_CONVERSION = YES;
				CLANG_WARN_COMMA = YES;
				CLANG_WARN_CONSTANT_CONVERSION = YES;
				CLANG_WARN_DEPRECATED_OBJC_IMPLEMENTATIONS = YES;
				CLANG_WARN_DIRECT_OBJC_ISA_USAGE = YES_ERROR;
				CLANG_WARN_DOCUMENTATION_COMMENTS = YES;
				CLANG_WARN_EMPTY_BODY = YES;
				CLANG_WARN_ENUM_CONVERSION = YES;
				CLANG_WARN_INFINITE_RECURSION = YES;
				CLANG_WARN_INT_CONVERSION = YES;
				CLANG_WARN_NON_LITERAL_NULL_CONVERSION = YES;
				CLANG_WARN_OBJC_IMPLICIT_RETAIN_SELF = YES;
				CLANG_WARN_OBJC_LITERAL_CONVERSION = YES;
				CLANG_WARN_OBJC_ROOT_CLASS = YES_ERROR;
				CLANG_WARN_RANGE_LOOP_ANALYSIS = YES;
				CLANG_WARN_STRICT_PROTOTYPES = YES;
				CLANG_WARN_SUSPICIOUS_MOVE = YES;
				CLANG_WARN_UNGUARDED_AVAILABILITY = YES_AGGRESSIVE;
				CLANG_WARN_UNREACHABLE_CODE = YES;
				CLANG_WARN__DUPLICATE_METHOD_MATCH = YES;
				CODE_SIGN_IDENTITY = "iPhone Developer";
				COPY_PHASE_STRIP = NO;
				DEBUG_INFORMATION_FORMAT = "dwarf-with-dsym";
				ENABLE_NS_ASSERTIONS = NO;
				ENABLE_STRICT_OBJC_MSGSEND = YES;
				GCC_C_LANGUAGE_STANDARD = gnu11;
				GCC_NO_COMMON_BLOCKS = YES;
				GCC_WARN_64_TO_32_BIT_CONVERSION = YES;
				GCC_WARN_ABOUT_RETURN_TYPE = YES_ERROR;
				GCC_WARN_UNDECLARED_SELECTOR = YES;
				GCC_WARN_UNINITIALIZED_AUTOS = YES_AGGRESSIVE;
				GCC_WARN_UNUSED_FUNCTION = YES;
				GCC_WARN_UNUSED_VARIABLE = YES;
				IPHONEOS_DEPLOYMENT_TARGET = 12.1;
				MTL_ENABLE_DEBUG_INFO = NO;
				MTL_FAST_MATH = YES;
				SDKROOT = iphoneos;
				SWIFT_COMPILATION_MODE = wholemodule;
				SWIFT_OPTIMIZATION_LEVEL = "-O";
				VALIDATE_PRODUCT = YES;
			};
			name = Release;
		};
		428E3E8521CD4C5C0047F785 /* Debug */ = {
			isa = XCBuildConfiguration;
			baseConfigurationReference = 221B4DCD8E15D6B7A9DDA209 /* Pods-Todoey.debug.xcconfig */;
			buildSettings = {
				ASSETCATALOG_COMPILER_APPICON_NAME = AppIcon;
				CODE_SIGN_STYLE = Automatic;
				INFOPLIST_FILE = Todoey/Info.plist;
				LD_RUNPATH_SEARCH_PATHS = (
					"$(inherited)",
					"@executable_path/Frameworks",
				);
				PRODUCT_BUNDLE_IDENTIFIER = enache.com.Todoey;
				PRODUCT_NAME = "$(TARGET_NAME)";
				SWIFT_VERSION = 4.2;
				TARGETED_DEVICE_FAMILY = "1,2";
			};
			name = Debug;
		};
		428E3E8621CD4C5C0047F785 /* Release */ = {
			isa = XCBuildConfiguration;
			baseConfigurationReference = FBDFEDE741124C37DCD37DFB /* Pods-Todoey.release.xcconfig */;
			buildSettings = {
				ASSETCATALOG_COMPILER_APPICON_NAME = AppIcon;
				CODE_SIGN_STYLE = Automatic;
				INFOPLIST_FILE = Todoey/Info.plist;
				LD_RUNPATH_SEARCH_PATHS = (
					"$(inherited)",
					"@executable_path/Frameworks",
				);
				PRODUCT_BUNDLE_IDENTIFIER = enache.com.Todoey;
				PRODUCT_NAME = "$(TARGET_NAME)";
				SWIFT_VERSION = 4.2;
				TARGETED_DEVICE_FAMILY = "1,2";
			};
			name = Release;
		};
/* End XCBuildConfiguration section */

/* Begin XCConfigurationList section */
		428E3E6D21CD4C5B0047F785 /* Build configuration list for PBXProject "Todoey" */ = {
			isa = XCConfigurationList;
			buildConfigurations = (
				428E3E8221CD4C5C0047F785 /* Debug */,
				428E3E8321CD4C5C0047F785 /* Release */,
			);
			defaultConfigurationIsVisible = 0;
			defaultConfigurationName = Release;
		};
		428E3E8421CD4C5C0047F785 /* Build configuration list for PBXNativeTarget "Todoey" */ = {
			isa = XCConfigurationList;
			buildConfigurations = (
				428E3E8521CD4C5C0047F785 /* Debug */,
				428E3E8621CD4C5C0047F785 /* Release */,
			);
			defaultConfigurationIsVisible = 0;
			defaultConfigurationName = Release;
		};
/* End XCConfigurationList section */
	};
	rootObject = 428E3E6A21CD4C5B0047F785 /* Project object */;
}
